// !$*UTF8*$!
{
	archiveVersion = 1;
	classes = {
	};
	objectVersion = 55;
	objects = {

/* Begin PBXFileReference section */
		DC581B0228F34676006AB5D5 /* String-Interpolation.swift */ = {isa = PBXFileReference; lastKnownFileType = sourcecode.swift; path = "String-Interpolation.swift"; sourceTree = "<group>"; };
		DC581B0328F347CE006AB5D5 /* letandvar.swift */ = {isa = PBXFileReference; lastKnownFileType = sourcecode.swift; path = letandvar.swift; sourceTree = "<group>"; };
		DC581B0428F348E3006AB5D5 /* TypeAnnotation.swift */ = {isa = PBXFileReference; lastKnownFileType = sourcecode.swift; path = TypeAnnotation.swift; sourceTree = "<group>"; };
/* End PBXFileReference section */

/* Begin PBXGroup section */
		DC581AFB28F34659006AB5D5 = {
			isa = PBXGroup;
			children = (
				DC581B0428F348E3006AB5D5 /* TypeAnnotation.swift */,
				DC581B0328F347CE006AB5D5 /* letandvar.swift */,
				DC581B0228F34676006AB5D5 /* String-Interpolation.swift */,
			);
			sourceTree = "<group>";
		};
/* End PBXGroup section */

/* Begin PBXProject section */
		DC581AFC28F34659006AB5D5 /* Project object */ = {
			isa = PBXProject;
			attributes = {
				BuildIndependentTargetsInParallel = 1;
				LastUpgradeCheck = 1310;
			};
			buildConfigurationList = DC581AFF28F34659006AB5D5 /* Build configuration list for PBXProject "100daysofSwift" */;
			compatibilityVersion = "Xcode 13.0";
			developmentRegion = en;
			hasScannedForEncodings = 0;
			knownRegions = (
				en,
				Base,
			);
			mainGroup = DC581AFB28F34659006AB5D5;
			projectDirPath = "";
			projectRoot = "";
			targets = (
			);
		};
/* End PBXProject section */

/* Begin XCBuildConfiguration section */
		DC581B0028F34659006AB5D5 /* Debug */ = {
			isa = XCBuildConfiguration;
			buildSettings = {
			};
			name = Debug;
		};
		DC581B0128F34659006AB5D5 /* Release */ = {
			isa = XCBuildConfiguration;
			buildSettings = {
			};
			name = Release;
		};
/* End XCBuildConfiguration section */

/* Begin XCConfigurationList section */
		DC581AFF28F34659006AB5D5 /* Build configuration list for PBXProject "100daysofSwift" */ = {
			isa = XCConfigurationList;
			buildConfigurations = (
				DC581B0028F34659006AB5D5 /* Debug */,
				DC581B0128F34659006AB5D5 /* Release */,
			);
			defaultConfigurationIsVisible = 0;
			defaultConfigurationName = Release;
		};
/* End XCConfigurationList section */
	};
	rootObject = DC581AFC28F34659006AB5D5 /* Project object */;
}
