<?xml version="1.0" encoding="UTF-8"?>
<Scheme
   version = "1.3">
   <BuildAction>
      <BuildActionEntries>
         <BuildActionEntry
            buildForRunning = "YES">
            <BuildableReference
               BuildableIdentifier = "primary"
               BlueprintIdentifier = "DCA78586291876B100F32226"
               BuildableName = "GuessTheFlag.app"
               BlueprintName = "GuessTheFlag"
               ReferencedContainer = "container:GuessTheFlag.xcodeproj">
            </BuildableReference>
         </BuildActionEntry>
      </BuildActionEntries>
   </BuildAction>
   <LaunchAction
      useCustomWorkingDirectory = "NO"
      buildConfiguration = "Debug"
      allowLocationSimulation = "YES">
      <BuildableProductRunnable>
         <BuildableReference
            BuildableIdentifier = "primary"
            BlueprintIdentifier = "DCA78586291876B100F32226"
            BuildableName = "GuessTheFlag.app"
            BlueprintName = "GuessTheFlag"
            ReferencedContainer = "container:GuessTheFlag.xcodeproj">
         </BuildableReference>
      </BuildableProductRunnable>
   </LaunchAction>
</Scheme>
