// !$*UTF8*$!
{
	archiveVersion = 1;
	classes = {
	};
	objectVersion = 56;
	objects = {

/* Begin PBXBuildFile section */
		DCBA88E2293F9B6A0089A00E /* LandmarksApp.swift in Sources */ = {isa = PBXBuildFile; fileRef = DCBA88E1293F9B6A0089A00E /* LandmarksApp.swift */; };
		DCBA88E4293F9B6A0089A00E /* ContentView.swift in Sources */ = {isa = PBXBuildFile; fileRef = DCBA88E3293F9B6A0089A00E /* ContentView.swift */; };
		DCBA88E6293F9B6C0089A00E /* Assets.xcassets in Resources */ = {isa = PBXBuildFile; fileRef = DCBA88E5293F9B6C0089A00E /* Assets.xcassets */; };
		DCBA88E9293F9B6C0089A00E /* Preview Assets.xcassets in Resources */ = {isa = PBXBuildFile; fileRef = DCBA88E8293F9B6C0089A00E /* Preview Assets.xcassets */; };
		DCD4331A2962251300306D33 /* CircleImage.swift in Sources */ = {isa = PBXBuildFile; fileRef = DCD433192962251300306D33 /* CircleImage.swift */; };
		DCD4331C296225E000306D33 /* MapView.swift in Sources */ = {isa = PBXBuildFile; fileRef = DCD4331B296225E000306D33 /* MapView.swift */; };
		DCD4331E29622BC100306D33 /* landmarkData.json in Resources */ = {isa = PBXBuildFile; fileRef = DCD4331D29622BC100306D33 /* landmarkData.json */; };
		DCD4332029622BF000306D33 /* Landmark.swift in Sources */ = {isa = PBXBuildFile; fileRef = DCD4331F29622BF000306D33 /* Landmark.swift */; };
		DCD4332229622E1E00306D33 /* ModelData.swift in Sources */ = {isa = PBXBuildFile; fileRef = DCD4332129622E1E00306D33 /* ModelData.swift */; };
		DCD433272962B31B00306D33 /* LandmarkRow.swift in Sources */ = {isa = PBXBuildFile; fileRef = DCD433262962B31B00306D33 /* LandmarkRow.swift */; };
		DCD82FBC29A162BA00F3E38F /* LandmarkList.swift in Sources */ = {isa = PBXBuildFile; fileRef = DCD82FBB29A162BA00F3E38F /* LandmarkList.swift */; };
		DCD82FBE29A1714A00F3E38F /* LandmarkDetail.swift in Sources */ = {isa = PBXBuildFile; fileRef = DCD82FBD29A1714A00F3E38F /* LandmarkDetail.swift */; };
		DCD82FC029A2892300F3E38F /* FavoriteButton.swift in Sources */ = {isa = PBXBuildFile; fileRef = DCD82FBF29A2892300F3E38F /* FavoriteButton.swift */; };
		DCD82FC329A2A0DC00F3E38F /* HexagonParameters.swift in Sources */ = {isa = PBXBuildFile; fileRef = DCD82FC229A2A0DC00F3E38F /* HexagonParameters.swift */; };
		DCD82FC529A2A25300F3E38F /* BadgeBackground.swift in Sources */ = {isa = PBXBuildFile; fileRef = DCD82FC429A2A25300F3E38F /* BadgeBackground.swift */; };
/* End PBXBuildFile section */

/* Begin PBXFileReference section */
		DCBA88DE293F9B6A0089A00E /* Landmarks.app */ = {isa = PBXFileReference; explicitFileType = wrapper.application; includeInIndex = 0; path = Landmarks.app; sourceTree = BUILT_PRODUCTS_DIR; };
		DCBA88E1293F9B6A0089A00E /* LandmarksApp.swift */ = {isa = PBXFileReference; lastKnownFileType = sourcecode.swift; path = LandmarksApp.swift; sourceTree = "<group>"; };
		DCBA88E3293F9B6A0089A00E /* ContentView.swift */ = {isa = PBXFileReference; lastKnownFileType = sourcecode.swift; path = ContentView.swift; sourceTree = "<group>"; };
		DCBA88E5293F9B6C0089A00E /* Assets.xcassets */ = {isa = PBXFileReference; lastKnownFileType = folder.assetcatalog; path = Assets.xcassets; sourceTree = "<group>"; };
		DCBA88E8293F9B6C0089A00E /* Preview Assets.xcassets */ = {isa = PBXFileReference; lastKnownFileType = folder.assetcatalog; path = "Preview Assets.xcassets"; sourceTree = "<group>"; };
		DCD433192962251300306D33 /* CircleImage.swift */ = {isa = PBXFileReference; lastKnownFileType = sourcecode.swift; path = CircleImage.swift; sourceTree = "<group>"; };
		DCD4331B296225E000306D33 /* MapView.swift */ = {isa = PBXFileReference; lastKnownFileType = sourcecode.swift; path = MapView.swift; sourceTree = "<group>"; };
		DCD4331D29622BC100306D33 /* landmarkData.json */ = {isa = PBXFileReference; fileEncoding = 4; lastKnownFileType = text.json; path = landmarkData.json; sourceTree = "<group>"; };
		DCD4331F29622BF000306D33 /* Landmark.swift */ = {isa = PBXFileReference; lastKnownFileType = sourcecode.swift; path = Landmark.swift; sourceTree = "<group>"; };
		DCD4332129622E1E00306D33 /* ModelData.swift */ = {isa = PBXFileReference; lastKnownFileType = sourcecode.swift; path = ModelData.swift; sourceTree = "<group>"; };
		DCD433262962B31B00306D33 /* LandmarkRow.swift */ = {isa = PBXFileReference; lastKnownFileType = sourcecode.swift; path = LandmarkRow.swift; sourceTree = "<group>"; };
		DCD82FBB29A162BA00F3E38F /* LandmarkList.swift */ = {isa = PBXFileReference; lastKnownFileType = sourcecode.swift; path = LandmarkList.swift; sourceTree = "<group>"; };
		DCD82FBD29A1714A00F3E38F /* LandmarkDetail.swift */ = {isa = PBXFileReference; lastKnownFileType = sourcecode.swift; path = LandmarkDetail.swift; sourceTree = "<group>"; };
		DCD82FBF29A2892300F3E38F /* FavoriteButton.swift */ = {isa = PBXFileReference; lastKnownFileType = sourcecode.swift; path = FavoriteButton.swift; sourceTree = "<group>"; };
		DCD82FC229A2A0DC00F3E38F /* HexagonParameters.swift */ = {isa = PBXFileReference; lastKnownFileType = sourcecode.swift; path = HexagonParameters.swift; sourceTree = "<group>"; };
		DCD82FC429A2A25300F3E38F /* BadgeBackground.swift */ = {isa = PBXFileReference; lastKnownFileType = sourcecode.swift; path = BadgeBackground.swift; sourceTree = "<group>"; };
/* End PBXFileReference section */

/* Begin PBXFrameworksBuildPhase section */
		DCBA88DB293F9B6A0089A00E /* Frameworks */ = {
			isa = PBXFrameworksBuildPhase;
			buildActionMask = 2147483647;
			files = (
			);
			runOnlyForDeploymentPostprocessing = 0;
		};
/* End PBXFrameworksBuildPhase section */

/* Begin PBXGroup section */
		DCBA88D5293F9B6A0089A00E = {
			isa = PBXGroup;
			children = (
				DCBA88E0293F9B6A0089A00E /* Landmarks */,
				DCBA88DF293F9B6A0089A00E /* Products */,
			);
			sourceTree = "<group>";
		};
		DCBA88DF293F9B6A0089A00E /* Products */ = {
			isa = PBXGroup;
			children = (
				DCBA88DE293F9B6A0089A00E /* Landmarks.app */,
			);
			name = Products;
			sourceTree = "<group>";
		};
		DCBA88E0293F9B6A0089A00E /* Landmarks */ = {
			isa = PBXGroup;
			children = (
				DCBA88E1293F9B6A0089A00E /* LandmarksApp.swift */,
				DCD433232962300800306D33 /* Views */,
				DCD82FC129A28A9700F3E38F /* Helpers */,
				DCD433242962304100306D33 /* Model */,
				DCBA88E5293F9B6C0089A00E /* Assets.xcassets */,
				DCBA88E7293F9B6C0089A00E /* Preview Content */,
				DCD433252962312800306D33 /* Resources */,
			);
			path = Landmarks;
			sourceTree = "<group>";
		};
		DCBA88E7293F9B6C0089A00E /* Preview Content */ = {
			isa = PBXGroup;
			children = (
				DCBA88E8293F9B6C0089A00E /* Preview Assets.xcassets */,
			);
			path = "Preview Content";
			sourceTree = "<group>";
		};
		DCD433232962300800306D33 /* Views */ = {
			isa = PBXGroup;
			children = (
				DCBA88E3293F9B6A0089A00E /* ContentView.swift */,
				DCD433262962B31B00306D33 /* LandmarkRow.swift */,
				DCD82FBB29A162BA00F3E38F /* LandmarkList.swift */,
				DCD82FBD29A1714A00F3E38F /* LandmarkDetail.swift */,
				DCD82FC229A2A0DC00F3E38F /* HexagonParameters.swift */,
				DCD82FC429A2A25300F3E38F /* BadgeBackground.swift */,
			);
			path = Views;
			sourceTree = "<group>";
		};
		DCD433242962304100306D33 /* Model */ = {
			isa = PBXGroup;
			children = (
				DCD4331F29622BF000306D33 /* Landmark.swift */,
				DCD4332129622E1E00306D33 /* ModelData.swift */,
			);
			path = Model;
			sourceTree = "<group>";
		};
		DCD433252962312800306D33 /* Resources */ = {
			isa = PBXGroup;
			children = (
				DCD4331D29622BC100306D33 /* landmarkData.json */,
			);
			path = Resources;
			sourceTree = "<group>";
		};
		DCD82FC129A28A9700F3E38F /* Helpers */ = {
			isa = PBXGroup;
			children = (
				DCD433192962251300306D33 /* CircleImage.swift */,
				DCD4331B296225E000306D33 /* MapView.swift */,
				DCD82FBF29A2892300F3E38F /* FavoriteButton.swift */,
			);
			path = Helpers;
			sourceTree = "<group>";
		};
/* End PBXGroup section */

/* Begin PBXNativeTarget section */
		DCBA88DD293F9B6A0089A00E /* Landmarks */ = {
			isa = PBXNativeTarget;
			buildConfigurationList = DCBA88EC293F9B6C0089A00E /* Build configuration list for PBXNativeTarget "Landmarks" */;
			buildPhases = (
				DCBA88DA293F9B6A0089A00E /* Sources */,
				DCBA88DB293F9B6A0089A00E /* Frameworks */,
				DCBA88DC293F9B6A0089A00E /* Resources */,
			);
			buildRules = (
			);
			dependencies = (
			);
			name = Landmarks;
			productName = Landmarks;
			productReference = DCBA88DE293F9B6A0089A00E /* Landmarks.app */;
			productType = "com.apple.product-type.application";
		};
/* End PBXNativeTarget section */

/* Begin PBXProject section */
		DCBA88D6293F9B6A0089A00E /* Project object */ = {
			isa = PBXProject;
			attributes = {
				BuildIndependentTargetsInParallel = 1;
				LastSwiftUpdateCheck = 1410;
				LastUpgradeCheck = 1410;
				TargetAttributes = {
					DCBA88DD293F9B6A0089A00E = {
						CreatedOnToolsVersion = 14.1;
					};
				};
			};
			buildConfigurationList = DCBA88D9293F9B6A0089A00E /* Build configuration list for PBXProject "Landmarks" */;
			compatibilityVersion = "Xcode 14.0";
			developmentRegion = en;
			hasScannedForEncodings = 0;
			knownRegions = (
				en,
				Base,
			);
			mainGroup = DCBA88D5293F9B6A0089A00E;
			productRefGroup = DCBA88DF293F9B6A0089A00E /* Products */;
			projectDirPath = "";
			projectRoot = "";
			targets = (
				DCBA88DD293F9B6A0089A00E /* Landmarks */,
			);
		};
/* End PBXProject section */

/* Begin PBXResourcesBuildPhase section */
		DCBA88DC293F9B6A0089A00E /* Resources */ = {
			isa = PBXResourcesBuildPhase;
			buildActionMask = 2147483647;
			files = (
				DCBA88E9293F9B6C0089A00E /* Preview Assets.xcassets in Resources */,
				DCBA88E6293F9B6C0089A00E /* Assets.xcassets in Resources */,
				DCD4331E29622BC100306D33 /* landmarkData.json in Resources */,
			);
			runOnlyForDeploymentPostprocessing = 0;
		};
/* End PBXResourcesBuildPhase section */

/* Begin PBXSourcesBuildPhase section */
		DCBA88DA293F9B6A0089A00E /* Sources */ = {
			isa = PBXSourcesBuildPhase;
			buildActionMask = 2147483647;
			files = (
				DCBA88E4293F9B6A0089A00E /* ContentView.swift in Sources */,
				DCD4331C296225E000306D33 /* MapView.swift in Sources */,
				DCBA88E2293F9B6A0089A00E /* LandmarksApp.swift in Sources */,
				DCD82FC029A2892300F3E38F /* FavoriteButton.swift in Sources */,
				DCD82FC329A2A0DC00F3E38F /* HexagonParameters.swift in Sources */,
				DCD82FBC29A162BA00F3E38F /* LandmarkList.swift in Sources */,
				DCD82FBE29A1714A00F3E38F /* LandmarkDetail.swift in Sources */,
				DCD82FC529A2A25300F3E38F /* BadgeBackground.swift in Sources */,
				DCD4331A2962251300306D33 /* CircleImage.swift in Sources */,
				DCD4332029622BF000306D33 /* Landmark.swift in Sources */,
				DCD433272962B31B00306D33 /* LandmarkRow.swift in Sources */,
				DCD4332229622E1E00306D33 /* ModelData.swift in Sources */,
			);
			runOnlyForDeploymentPostprocessing = 0;
		};
/* End PBXSourcesBuildPhase section */

/* Begin XCBuildConfiguration section */
		DCBA88EA293F9B6C0089A00E /* Debug */ = {
			isa = XCBuildConfiguration;
			buildSettings = {
				ALWAYS_SEARCH_USER_PATHS = NO;
				CLANG_ANALYZER_NONNULL = YES;
				CLANG_ANALYZER_NUMBER_OBJECT_CONVERSION = YES_AGGRESSIVE;
				CLANG_CXX_LANGUAGE_STANDARD = "gnu++20";
				CLANG_ENABLE_MODULES = YES;
				CLANG_ENABLE_OBJC_ARC = YES;
				CLANG_ENABLE_OBJC_WEAK = YES;
				CLANG_WARN_BLOCK_CAPTURE_AUTORELEASING = YES;
				CLANG_WARN_BOOL_CONVERSION = YES;
				CLANG_WARN_COMMA = YES;
				CLANG_WARN_CONSTANT_CONVERSION = YES;
				CLANG_WARN_DEPRECATED_OBJC_IMPLEMENTATIONS = YES;
				CLANG_WARN_DIRECT_OBJC_ISA_USAGE = YES_ERROR;
				CLANG_WARN_DOCUMENTATION_COMMENTS = YES;
				CLANG_WARN_EMPTY_BODY = YES;
				CLANG_WARN_ENUM_CONVERSION = YES;
				CLANG_WARN_INFINITE_RECURSION = YES;
				CLANG_WARN_INT_CONVERSION = YES;
				CLANG_WARN_NON_LITERAL_NULL_CONVERSION = YES;
				CLANG_WARN_OBJC_IMPLICIT_RETAIN_SELF = YES;
				CLANG_WARN_OBJC_LITERAL_CONVERSION = YES;
				CLANG_WARN_OBJC_ROOT_CLASS = YES_ERROR;
				CLANG_WARN_QUOTED_INCLUDE_IN_FRAMEWORK_HEADER = YES;
				CLANG_WARN_RANGE_LOOP_ANALYSIS = YES;
				CLANG_WARN_STRICT_PROTOTYPES = YES;
				CLANG_WARN_SUSPICIOUS_MOVE = YES;
				CLANG_WARN_UNGUARDED_AVAILABILITY = YES_AGGRESSIVE;
				CLANG_WARN_UNREACHABLE_CODE = YES;
				CLANG_WARN__DUPLICATE_METHOD_MATCH = YES;
				COPY_PHASE_STRIP = NO;
				DEBUG_INFORMATION_FORMAT = dwarf;
				ENABLE_STRICT_OBJC_MSGSEND = YES;
				ENABLE_TESTABILITY = YES;
				GCC_C_LANGUAGE_STANDARD = gnu11;
				GCC_DYNAMIC_NO_PIC = NO;
				GCC_NO_COMMON_BLOCKS = YES;
				GCC_OPTIMIZATION_LEVEL = 0;
				GCC_PREPROCESSOR_DEFINITIONS = (
					"DEBUG=1",
					"$(inherited)",
				);
				GCC_WARN_64_TO_32_BIT_CONVERSION = YES;
				GCC_WARN_ABOUT_RETURN_TYPE = YES_ERROR;
				GCC_WARN_UNDECLARED_SELECTOR = YES;
				GCC_WARN_UNINITIALIZED_AUTOS = YES_AGGRESSIVE;
				GCC_WARN_UNUSED_FUNCTION = YES;
				GCC_WARN_UNUSED_VARIABLE = YES;
				IPHONEOS_DEPLOYMENT_TARGET = 16.1;
				MTL_ENABLE_DEBUG_INFO = INCLUDE_SOURCE;
				MTL_FAST_MATH = YES;
				ONLY_ACTIVE_ARCH = YES;
				SDKROOT = iphoneos;
				SWIFT_ACTIVE_COMPILATION_CONDITIONS = DEBUG;
				SWIFT_OPTIMIZATION_LEVEL = "-Onone";
			};
			name = Debug;
		};
		DCBA88EB293F9B6C0089A00E /* Release */ = {
			isa = XCBuildConfiguration;
			buildSettings = {
				ALWAYS_SEARCH_USER_PATHS = NO;
				CLANG_ANALYZER_NONNULL = YES;
				CLANG_ANALYZER_NUMBER_OBJECT_CONVERSION = YES_AGGRESSIVE;
				CLANG_CXX_LANGUAGE_STANDARD = "gnu++20";
				CLANG_ENABLE_MODULES = YES;
				CLANG_ENABLE_OBJC_ARC = YES;
				CLANG_ENABLE_OBJC_WEAK = YES;
				CLANG_WARN_BLOCK_CAPTURE_AUTORELEASING = YES;
				CLANG_WARN_BOOL_CONVERSION = YES;
				CLANG_WARN_COMMA = YES;
				CLANG_WARN_CONSTANT_CONVERSION = YES;
				CLANG_WARN_DEPRECATED_OBJC_IMPLEMENTATIONS = YES;
				CLANG_WARN_DIRECT_OBJC_ISA_USAGE = YES_ERROR;
				CLANG_WARN_DOCUMENTATION_COMMENTS = YES;
				CLANG_WARN_EMPTY_BODY = YES;
				CLANG_WARN_ENUM_CONVERSION = YES;
				CLANG_WARN_INFINITE_RECURSION = YES;
				CLANG_WARN_INT_CONVERSION = YES;
				CLANG_WARN_NON_LITERAL_NULL_CONVERSION = YES;
				CLANG_WARN_OBJC_IMPLICIT_RETAIN_SELF = YES;
				CLANG_WARN_OBJC_LITERAL_CONVERSION = YES;
				CLANG_WARN_OBJC_ROOT_CLASS = YES_ERROR;
				CLANG_WARN_QUOTED_INCLUDE_IN_FRAMEWORK_HEADER = YES;
				CLANG_WARN_RANGE_LOOP_ANALYSIS = YES;
				CLANG_WARN_STRICT_PROTOTYPES = YES;
				CLANG_WARN_SUSPICIOUS_MOVE = YES;
				CLANG_WARN_UNGUARDED_AVAILABILITY = YES_AGGRESSIVE;
				CLANG_WARN_UNREACHABLE_CODE = YES;
				CLANG_WARN__DUPLICATE_METHOD_MATCH = YES;
				COPY_PHASE_STRIP = NO;
				DEBUG_INFORMATION_FORMAT = "dwarf-with-dsym";
				ENABLE_NS_ASSERTIONS = NO;
				ENABLE_STRICT_OBJC_MSGSEND = YES;
				GCC_C_LANGUAGE_STANDARD = gnu11;
				GCC_NO_COMMON_BLOCKS = YES;
				GCC_WARN_64_TO_32_BIT_CONVERSION = YES;
				GCC_WARN_ABOUT_RETURN_TYPE = YES_ERROR;
				GCC_WARN_UNDECLARED_SELECTOR = YES;
				GCC_WARN_UNINITIALIZED_AUTOS = YES_AGGRESSIVE;
				GCC_WARN_UNUSED_FUNCTION = YES;
				GCC_WARN_UNUSED_VARIABLE = YES;
				IPHONEOS_DEPLOYMENT_TARGET = 16.1;
				MTL_ENABLE_DEBUG_INFO = NO;
				MTL_FAST_MATH = YES;
				SDKROOT = iphoneos;
				SWIFT_COMPILATION_MODE = wholemodule;
				SWIFT_OPTIMIZATION_LEVEL = "-O";
				VALIDATE_PRODUCT = YES;
			};
			name = Release;
		};
		DCBA88ED293F9B6C0089A00E /* Debug */ = {
			isa = XCBuildConfiguration;
			buildSettings = {
				ASSETCATALOG_COMPILER_APPICON_NAME = AppIcon;
				ASSETCATALOG_COMPILER_GLOBAL_ACCENT_COLOR_NAME = AccentColor;
				CODE_SIGN_STYLE = Automatic;
				CURRENT_PROJECT_VERSION = 1;
				DEVELOPMENT_ASSET_PATHS = "\"Landmarks/Preview Content\"";
				DEVELOPMENT_TEAM = F56KAS8XS9;
				ENABLE_PREVIEWS = YES;
				GENERATE_INFOPLIST_FILE = YES;
				INFOPLIST_KEY_UIApplicationSceneManifest_Generation = YES;
				INFOPLIST_KEY_UIApplicationSupportsIndirectInputEvents = YES;
				INFOPLIST_KEY_UILaunchScreen_Generation = YES;
				INFOPLIST_KEY_UISupportedInterfaceOrientations_iPad = "UIInterfaceOrientationPortrait UIInterfaceOrientationPortraitUpsideDown UIInterfaceOrientationLandscapeLeft UIInterfaceOrientationLandscapeRight";
				INFOPLIST_KEY_UISupportedInterfaceOrientations_iPhone = "UIInterfaceOrientationPortrait UIInterfaceOrientationLandscapeLeft UIInterfaceOrientationLandscapeRight";
				LD_RUNPATH_SEARCH_PATHS = (
					"$(inherited)",
					"@executable_path/Frameworks",
				);
				MARKETING_VERSION = 1.0;
				PRODUCT_BUNDLE_IDENTIFIER = com.furkan.anter.Landmarks;
				PRODUCT_NAME = "$(TARGET_NAME)";
				SWIFT_EMIT_LOC_STRINGS = YES;
				SWIFT_VERSION = 5.0;
				TARGETED_DEVICE_FAMILY = "1,2";
			};
			name = Debug;
		};
		DCBA88EE293F9B6C0089A00E /* Release */ = {
			isa = XCBuildConfiguration;
			buildSettings = {
				ASSETCATALOG_COMPILER_APPICON_NAME = AppIcon;
				ASSETCATALOG_COMPILER_GLOBAL_ACCENT_COLOR_NAME = AccentColor;
				CODE_SIGN_STYLE = Automatic;
				CURRENT_PROJECT_VERSION = 1;
				DEVELOPMENT_ASSET_PATHS = "\"Landmarks/Preview Content\"";
				DEVELOPMENT_TEAM = F56KAS8XS9;
				ENABLE_PREVIEWS = YES;
				GENERATE_INFOPLIST_FILE = YES;
				INFOPLIST_KEY_UIApplicationSceneManifest_Generation = YES;
				INFOPLIST_KEY_UIApplicationSupportsIndirectInputEvents = YES;
				INFOPLIST_KEY_UILaunchScreen_Generation = YES;
				INFOPLIST_KEY_UISupportedInterfaceOrientations_iPad = "UIInterfaceOrientationPortrait UIInterfaceOrientationPortraitUpsideDown UIInterfaceOrientationLandscapeLeft UIInterfaceOrientationLandscapeRight";
				INFOPLIST_KEY_UISupportedInterfaceOrientations_iPhone = "UIInterfaceOrientationPortrait UIInterfaceOrientationLandscapeLeft UIInterfaceOrientationLandscapeRight";
				LD_RUNPATH_SEARCH_PATHS = (
					"$(inherited)",
					"@executable_path/Frameworks",
				);
				MARKETING_VERSION = 1.0;
				PRODUCT_BUNDLE_IDENTIFIER = com.furkan.anter.Landmarks;
				PRODUCT_NAME = "$(TARGET_NAME)";
				SWIFT_EMIT_LOC_STRINGS = YES;
				SWIFT_VERSION = 5.0;
				TARGETED_DEVICE_FAMILY = "1,2";
			};
			name = Release;
		};
/* End XCBuildConfiguration section */

/* Begin XCConfigurationList section */
		DCBA88D9293F9B6A0089A00E /* Build configuration list for PBXProject "Landmarks" */ = {
			isa = XCConfigurationList;
			buildConfigurations = (
				DCBA88EA293F9B6C0089A00E /* Debug */,
				DCBA88EB293F9B6C0089A00E /* Release */,
			);
			defaultConfigurationIsVisible = 0;
			defaultConfigurationName = Release;
		};
		DCBA88EC293F9B6C0089A00E /* Build configuration list for PBXNativeTarget "Landmarks" */ = {
			isa = XCConfigurationList;
			buildConfigurations = (
				DCBA88ED293F9B6C0089A00E /* Debug */,
				DCBA88EE293F9B6C0089A00E /* Release */,
			);
			defaultConfigurationIsVisible = 0;
			defaultConfigurationName = Release;
		};
/* End XCConfigurationList section */
	};
	rootObject = DCBA88D6293F9B6A0089A00E /* Project object */;
}
